# This file is automatically @generated by Cargo.
# It is not intended for manual editing.
version = 4

[[package]]
name = "cc"
version = "1.2.21"
source = "registry+https://github.com/rust-lang/crates.io-index"
checksum = "8691782945451c1c383942c4874dbe63814f61cb57ef773cda2972682b7bb3c0"
dependencies = [
 "shlex",
]

[[package]]
name = "glam"
version = "0.30.3"
source = "registry+https://github.com/rust-lang/crates.io-index"
checksum = "6b46b9ca4690308844c644e7c634d68792467260e051c8543e0c7871662b3ba7"
dependencies = [
 "libm",
]

[[package]]
name = "libc"
version = "0.2.172"
source = "registry+https://github.com/rust-lang/crates.io-index"
checksum = "d750af042f7ef4f724306de029d18836c26c1765a54a6a3f094cbd23a7267ffa"

[[package]]
name = "libm"
version = "0.2.15"
source = "registry+https://github.com/rust-lang/crates.io-index"
checksum = "f9fbbcab51052fe104eb5e5d351cf728d30a5be1fe14d9be8a3b097481fb97de"

[[package]]
name = "pxl8-cli"
version = "0.1.0"
dependencies = [
 "libc",
 "pxl8-panic",
]

[[package]]
name = "pxl8-cpu"
version = "0.1.0"
dependencies = [
 "pxl8-panic",
]

[[package]]
name = "pxl8-gfx"
version = "0.1.0"
dependencies = [
 "pxl8-panic",
]

[[package]]
name = "pxl8-gpu"
version = "0.1.0"
dependencies = [
 "pxl8-panic",
]

[[package]]
name = "pxl8-io"
version = "0.1.0"
dependencies = [
 "pxl8-panic",
]

[[package]]
name = "pxl8-mem"
version = "0.1.0"
dependencies = [
 "pxl8-panic",
]

[[package]]
name = "pxl8-panic"
version = "0.1.0"

[[package]]
name = "pxl8-sfx"
version = "0.1.0"
dependencies = [
 "pxl8-panic",
]

[[package]]
name = "pxl8-system"
version = "0.1.0"
dependencies = [
 "cc",
 "glam",
 "pxl8-panic",
 "sdl3-main",
 "sdl3-sys",
]

[[package]]
name = "sdl3-main"
version = "0.5.0"
source = "git+https://github.com/maia-s/sdl3-sys-rs#00d9bd3f7d95f6b121b4bf276654c15315788d7a"
dependencies = [
 "sdl3-main-macros",
 "sdl3-sys",
]

[[package]]
name = "sdl3-main-macros"
version = "0.2.0"
source = "git+https://github.com/maia-s/sdl3-sys-rs#00d9bd3f7d95f6b121b4bf276654c15315788d7a"

[[package]]
name = "sdl3-sys"
version = "0.5.0+SDL3-3.2.12"
source = "git+https://github.com/maia-s/sdl3-sys-rs#00d9bd3f7d95f6b121b4bf276654c15315788d7a"

[[package]]
name = "shlex"
version = "1.3.0"
source = "registry+https://github.com/rust-lang/crates.io-index"
checksum = "0fda2ff0d084019ba4d7c6f371c95d8fd75ce3524c3cb8fb653a3023f6323e64"
